// !$*UTF8*$!
{
	archiveVersion = 1;
	classes = {
	};
	objectVersion = 46;
	objects = {

/* Begin PBXBuildFile section */
		11BC96881C757BCC004E746F /* BasicAuth.swift in Sources */ = {isa = PBXBuildFile; fileRef = 11BC96871C757BCC004E746F /* BasicAuth.swift */; };
		11BECE011C75360B000D417B /* AuthorizationManager.swift in Sources */ = {isa = PBXBuildFile; fileRef = 11BECE001C75360B000D417B /* AuthorizationManager.swift */; };
		11BECE031C753808000D417B /* Constants.swift in Sources */ = {isa = PBXBuildFile; fileRef = 11BECE021C753808000D417B /* Constants.swift */; };
		11D438431C74F6030065935B /* AppDelegate.swift in Sources */ = {isa = PBXBuildFile; fileRef = 11D438421C74F6030065935B /* AppDelegate.swift */; };
		11D438451C74F6030065935B /* ViewController.swift in Sources */ = {isa = PBXBuildFile; fileRef = 11D438441C74F6030065935B /* ViewController.swift */; };
		11D438481C74F6030065935B /* Main.storyboard in Resources */ = {isa = PBXBuildFile; fileRef = 11D438461C74F6030065935B /* Main.storyboard */; };
		11D4384A1C74F6030065935B /* Assets.xcassets in Resources */ = {isa = PBXBuildFile; fileRef = 11D438491C74F6030065935B /* Assets.xcassets */; };
		11D4384D1C74F6030065935B /* LaunchScreen.storyboard in Resources */ = {isa = PBXBuildFile; fileRef = 11D4384B1C74F6030065935B /* LaunchScreen.storyboard */; };
		E5A5B27E3CBD8BF9EEB47BB3 /* Pods.framework in Frameworks */ = {isa = PBXBuildFile; fileRef = 83D00975CB9EE63C962A6136 /* Pods.framework */; };
/* End PBXBuildFile section */

/* Begin PBXFileReference section */
		11BC96871C757BCC004E746F /* BasicAuth.swift */ = {isa = PBXFileReference; fileEncoding = 4; lastKnownFileType = sourcecode.swift; path = BasicAuth.swift; sourceTree = "<group>"; };
		11BECE001C75360B000D417B /* AuthorizationManager.swift */ = {isa = PBXFileReference; fileEncoding = 4; lastKnownFileType = sourcecode.swift; path = AuthorizationManager.swift; sourceTree = "<group>"; };
		11BECE021C753808000D417B /* Constants.swift */ = {isa = PBXFileReference; fileEncoding = 4; lastKnownFileType = sourcecode.swift; path = Constants.swift; sourceTree = "<group>"; };
		11D4383F1C74F6030065935B /* CayugasoftTest3.app */ = {isa = PBXFileReference; explicitFileType = wrapper.application; includeInIndex = 0; path = CayugasoftTest3.app; sourceTree = BUILT_PRODUCTS_DIR; };
		11D438421C74F6030065935B /* AppDelegate.swift */ = {isa = PBXFileReference; lastKnownFileType = sourcecode.swift; path = AppDelegate.swift; sourceTree = "<group>"; };
		11D438441C74F6030065935B /* ViewController.swift */ = {isa = PBXFileReference; lastKnownFileType = sourcecode.swift; path = ViewController.swift; sourceTree = "<group>"; };
		11D438471C74F6030065935B /* Base */ = {isa = PBXFileReference; lastKnownFileType = file.storyboard; name = Base; path = Base.lproj/Main.storyboard; sourceTree = "<group>"; };
		11D438491C74F6030065935B /* Assets.xcassets */ = {isa = PBXFileReference; lastKnownFileType = folder.assetcatalog; path = Assets.xcassets; sourceTree = "<group>"; };
		11D4384C1C74F6030065935B /* Base */ = {isa = PBXFileReference; lastKnownFileType = file.storyboard; name = Base; path = Base.lproj/LaunchScreen.storyboard; sourceTree = "<group>"; };
		11D4384E1C74F6030065935B /* Info.plist */ = {isa = PBXFileReference; lastKnownFileType = text.plist.xml; path = Info.plist; sourceTree = "<group>"; };
		83D00975CB9EE63C962A6136 /* Pods.framework */ = {isa = PBXFileReference; explicitFileType = wrapper.framework; includeInIndex = 0; path = Pods.framework; sourceTree = BUILT_PRODUCTS_DIR; };
		AB67121A9EB6EAD533323A50 /* Pods.debug.xcconfig */ = {isa = PBXFileReference; includeInIndex = 1; lastKnownFileType = text.xcconfig; name = Pods.debug.xcconfig; path = "Pods/Target Support Files/Pods/Pods.debug.xcconfig"; sourceTree = "<group>"; };
		DEFEE426786F97365C8BBC4A /* Pods.release.xcconfig */ = {isa = PBXFileReference; includeInIndex = 1; lastKnownFileType = text.xcconfig; name = Pods.release.xcconfig; path = "Pods/Target Support Files/Pods/Pods.release.xcconfig"; sourceTree = "<group>"; };
/* End PBXFileReference section */

/* Begin PBXFrameworksBuildPhase section */
		11D4383C1C74F6030065935B /* Frameworks */ = {
			isa = PBXFrameworksBuildPhase;
			buildActionMask = 2147483647;
			files = (
				E5A5B27E3CBD8BF9EEB47BB3 /* Pods.framework in Frameworks */,
			);
			runOnlyForDeploymentPostprocessing = 0;
		};
/* End PBXFrameworksBuildPhase section */

/* Begin PBXGroup section */
		11D438361C74F6030065935B = {
			isa = PBXGroup;
			children = (
				11D438411C74F6030065935B /* CayugasoftTest3 */,
				11D438401C74F6030065935B /* Products */,
				E8C8F5805EEFD8F7686855CC /* Pods */,
				69083AA751D989808DDF2FBA /* Frameworks */,
			);
			sourceTree = "<group>";
		};
		11D438401C74F6030065935B /* Products */ = {
			isa = PBXGroup;
			children = (
				11D4383F1C74F6030065935B /* CayugasoftTest3.app */,
			);
			name = Products;
			sourceTree = "<group>";
		};
		11D438411C74F6030065935B /* CayugasoftTest3 */ = {
			isa = PBXGroup;
			children = (
				11BECE001C75360B000D417B /* AuthorizationManager.swift */,
				11D438421C74F6030065935B /* AppDelegate.swift */,
				11D438441C74F6030065935B /* ViewController.swift */,
				11D438461C74F6030065935B /* Main.storyboard */,
				11D438491C74F6030065935B /* Assets.xcassets */,
				11D4384B1C74F6030065935B /* LaunchScreen.storyboard */,
				11D4384E1C74F6030065935B /* Info.plist */,
				11BECE021C753808000D417B /* Constants.swift */,
				11BC96871C757BCC004E746F /* BasicAuth.swift */,
			);
			path = CayugasoftTest3;
			sourceTree = "<group>";
		};
		69083AA751D989808DDF2FBA /* Frameworks */ = {
			isa = PBXGroup;
			children = (
				83D00975CB9EE63C962A6136 /* Pods.framework */,
			);
			name = Frameworks;
			sourceTree = "<group>";
		};
		E8C8F5805EEFD8F7686855CC /* Pods */ = {
			isa = PBXGroup;
			children = (
				AB67121A9EB6EAD533323A50 /* Pods.debug.xcconfig */,
				DEFEE426786F97365C8BBC4A /* Pods.release.xcconfig */,
			);
			name = Pods;
			sourceTree = "<group>";
		};
/* End PBXGroup section */

/* Begin PBXNativeTarget section */
		11D4383E1C74F6030065935B /* CayugasoftTest3 */ = {
			isa = PBXNativeTarget;
			buildConfigurationList = 11D438511C74F6030065935B /* Build configuration list for PBXNativeTarget "CayugasoftTest3" */;
			buildPhases = (
				FD46EB45AB6980EA33DB8533 /* Check Pods Manifest.lock */,
				11D4383B1C74F6030065935B /* Sources */,
				11D4383C1C74F6030065935B /* Frameworks */,
				11D4383D1C74F6030065935B /* Resources */,
				26FE5FAD49B30E34F9D34016 /* Embed Pods Frameworks */,
				74B487180583CB2BCB55CA3A /* Copy Pods Resources */,
			);
			buildRules = (
			);
			dependencies = (
			);
			name = CayugasoftTest3;
			productName = CayugasoftTest3;
			productReference = 11D4383F1C74F6030065935B /* CayugasoftTest3.app */;
			productType = "com.apple.product-type.application";
		};
/* End PBXNativeTarget section */

/* Begin PBXProject section */
		11D438371C74F6030065935B /* Project object */ = {
			isa = PBXProject;
			attributes = {
				LastSwiftUpdateCheck = 0720;
				LastUpgradeCheck = 0720;
				ORGANIZATIONNAME = Alexander;
				TargetAttributes = {
					11D4383E1C74F6030065935B = {
						CreatedOnToolsVersion = 7.2.1;
					};
				};
			};
			buildConfigurationList = 11D4383A1C74F6030065935B /* Build configuration list for PBXProject "CayugasoftTest3" */;
			compatibilityVersion = "Xcode 3.2";
			developmentRegion = English;
			hasScannedForEncodings = 0;
			knownRegions = (
				en,
				Base,
			);
			mainGroup = 11D438361C74F6030065935B;
			productRefGroup = 11D438401C74F6030065935B /* Products */;
			projectDirPath = "";
			projectRoot = "";
			targets = (
				11D4383E1C74F6030065935B /* CayugasoftTest3 */,
			);
		};
/* End PBXProject section */

/* Begin PBXResourcesBuildPhase section */
		11D4383D1C74F6030065935B /* Resources */ = {
			isa = PBXResourcesBuildPhase;
			buildActionMask = 2147483647;
			files = (
				11D4384D1C74F6030065935B /* LaunchScreen.storyboard in Resources */,
				11D4384A1C74F6030065935B /* Assets.xcassets in Resources */,
				11D438481C74F6030065935B /* Main.storyboard in Resources */,
			);
			runOnlyForDeploymentPostprocessing = 0;
		};
/* End PBXResourcesBuildPhase section */

/* Begin PBXShellScriptBuildPhase section */
		26FE5FAD49B30E34F9D34016 /* Embed Pods Frameworks */ = {
			isa = PBXShellScriptBuildPhase;
			buildActionMask = 2147483647;
			files = (
			);
			inputPaths = (
			);
			name = "Embed Pods Frameworks";
			outputPaths = (
			);
			runOnlyForDeploymentPostprocessing = 0;
			shellPath = /bin/sh;
			shellScript = "\"${SRCROOT}/Pods/Target Support Files/Pods/Pods-frameworks.sh\"\n";
			showEnvVarsInLog = 0;
		};
		74B487180583CB2BCB55CA3A /* Copy Pods Resources */ = {
			isa = PBXShellScriptBuildPhase;
			buildActionMask = 2147483647;
			files = (
			);
			inputPaths = (
			);
			name = "Copy Pods Resources";
			outputPaths = (
			);
			runOnlyForDeploymentPostprocessing = 0;
			shellPath = /bin/sh;
			shellScript = "\"${SRCROOT}/Pods/Target Support Files/Pods/Pods-resources.sh\"\n";
			showEnvVarsInLog = 0;
		};
		FD46EB45AB6980EA33DB8533 /* Check Pods Manifest.lock */ = {
			isa = PBXShellScriptBuildPhase;
			buildActionMask = 2147483647;
			files = (
			);
			inputPaths = (
			);
			name = "Check Pods Manifest.lock";
			outputPaths = (
			);
			runOnlyForDeploymentPostprocessing = 0;
			shellPath = /bin/sh;
			shellScript = "diff \"${PODS_ROOT}/../Podfile.lock\" \"${PODS_ROOT}/Manifest.lock\" > /dev/null\nif [[ $? != 0 ]] ; then\n    cat << EOM\nerror: The sandbox is not in sync with the Podfile.lock. Run 'pod install' or update your CocoaPods installation.\nEOM\n    exit 1\nfi\n";
			showEnvVarsInLog = 0;
		};
/* End PBXShellScriptBuildPhase section */

/* Begin PBXSourcesBuildPhase section */
		11D4383B1C74F6030065935B /* Sources */ = {
			isa = PBXSourcesBuildPhase;
			buildActionMask = 2147483647;
			files = (
				11D438451C74F6030065935B /* ViewController.swift in Sources */,
				11D438431C74F6030065935B /* AppDelegate.swift in Sources */,
				11BC96881C757BCC004E746F /* BasicAuth.swift in Sources */,
				11BECE011C75360B000D417B /* AuthorizationManager.swift in Sources */,
				11BECE031C753808000D417B /* Constants.swift in Sources */,
			);
			runOnlyForDeploymentPostprocessing = 0;
		};
/* End PBXSourcesBuildPhase section */

/* Begin PBXVariantGroup section */
		11D438461C74F6030065935B /* Main.storyboard */ = {
			isa = PBXVariantGroup;
			children = (
				11D438471C74F6030065935B /* Base */,
			);
			name = Main.storyboard;
			sourceTree = "<group>";
		};
		11D4384B1C74F6030065935B /* LaunchScreen.storyboard */ = {
			isa = PBXVariantGroup;
			children = (
				11D4384C1C74F6030065935B /* Base */,
			);
			name = LaunchScreen.storyboard;
			sourceTree = "<group>";
		};
/* End PBXVariantGroup section */

/* Begin XCBuildConfiguration section */
		11D4384F1C74F6030065935B /* Debug */ = {
			isa = XCBuildConfiguration;
			buildSettings = {
				ALWAYS_SEARCH_USER_PATHS = NO;
				CLANG_CXX_LANGUAGE_STANDARD = "gnu++0x";
				CLANG_CXX_LIBRARY = "libc++";
				CLANG_ENABLE_MODULES = YES;
				CLANG_ENABLE_OBJC_ARC = YES;
				CLANG_WARN_BOOL_CONVERSION = YES;
				CLANG_WARN_CONSTANT_CONVERSION = YES;
				CLANG_WARN_DIRECT_OBJC_ISA_USAGE = YES_ERROR;
				CLANG_WARN_EMPTY_BODY = YES;
				CLANG_WARN_ENUM_CONVERSION = YES;
				CLANG_WARN_INT_CONVERSION = YES;
				CLANG_WARN_OBJC_ROOT_CLASS = YES_ERROR;
				CLANG_WARN_UNREACHABLE_CODE = YES;
				CLANG_WARN__DUPLICATE_METHOD_MATCH = YES;
				"CODE_SIGN_IDENTITY[sdk=iphoneos*]" = "iPhone Developer";
				COPY_PHASE_STRIP = NO;
				DEBUG_INFORMATION_FORMAT = dwarf;
				ENABLE_STRICT_OBJC_MSGSEND = YES;
				ENABLE_TESTABILITY = YES;
				GCC_C_LANGUAGE_STANDARD = gnu99;
				GCC_DYNAMIC_NO_PIC = NO;
				GCC_NO_COMMON_BLOCKS = YES;
				GCC_OPTIMIZATION_LEVEL = 0;
				GCC_PREPROCESSOR_DEFINITIONS = (
					"DEBUG=1",
					"$(inherited)",
				);
				GCC_WARN_64_TO_32_BIT_CONVERSION = YES;
				GCC_WARN_ABOUT_RETURN_TYPE = YES_ERROR;
				GCC_WARN_UNDECLARED_SELECTOR = YES;
				GCC_WARN_UNINITIALIZED_AUTOS = YES_AGGRESSIVE;
				GCC_WARN_UNUSED_FUNCTION = YES;
				GCC_WARN_UNUSED_VARIABLE = YES;
				IPHONEOS_DEPLOYMENT_TARGET = 9.2;
				MTL_ENABLE_DEBUG_INFO = YES;
				ONLY_ACTIVE_ARCH = YES;
				SDKROOT = iphoneos;
				SWIFT_OPTIMIZATION_LEVEL = "-Onone";
				TARGETED_DEVICE_FAMILY = "1,2";
			};
			name = Debug;
		};
		11D438501C74F6030065935B /* Release */ = {
			isa = XCBuildConfiguration;
			buildSettings = {
				ALWAYS_SEARCH_USER_PATHS = NO;
				CLANG_CXX_LANGUAGE_STANDARD = "gnu++0x";
				CLANG_CXX_LIBRARY = "libc++";
				CLANG_ENABLE_MODULES = YES;
				CLANG_ENABLE_OBJC_ARC = YES;
				CLANG_WARN_BOOL_CONVERSION = YES;
				CLANG_WARN_CONSTANT_CONVERSION = YES;
				CLANG_WARN_DIRECT_OBJC_ISA_USAGE = YES_ERROR;
				CLANG_WARN_EMPTY_BODY = YES;
				CLANG_WARN_ENUM_CONVERSION = YES;
				CLANG_WARN_INT_CONVERSION = YES;
				CLANG_WARN_OBJC_ROOT_CLASS = YES_ERROR;
				CLANG_WARN_UNREACHABLE_CODE = YES;
				CLANG_WARN__DUPLICATE_METHOD_MATCH = YES;
				"CODE_SIGN_IDENTITY[sdk=iphoneos*]" = "iPhone Developer";
				COPY_PHASE_STRIP = NO;
				DEBUG_INFORMATION_FORMAT = "dwarf-with-dsym";
				ENABLE_NS_ASSERTIONS = NO;
				ENABLE_STRICT_OBJC_MSGSEND = YES;
				GCC_C_LANGUAGE_STANDARD = gnu99;
				GCC_NO_COMMON_BLOCKS = YES;
				GCC_WARN_64_TO_32_BIT_CONVERSION = YES;
				GCC_WARN_ABOUT_RETURN_TYPE = YES_ERROR;
				GCC_WARN_UNDECLARED_SELECTOR = YES;
				GCC_WARN_UNINITIALIZED_AUTOS = YES_AGGRESSIVE;
				GCC_WARN_UNUSED_FUNCTION = YES;
				GCC_WARN_UNUSED_VARIABLE = YES;
				IPHONEOS_DEPLOYMENT_TARGET = 9.2;
				MTL_ENABLE_DEBUG_INFO = NO;
				SDKROOT = iphoneos;
				TARGETED_DEVICE_FAMILY = "1,2";
				VALIDATE_PRODUCT = YES;
			};
			name = Release;
		};
		11D438521C74F6030065935B /* Debug */ = {
			isa = XCBuildConfiguration;
			baseConfigurationReference = AB67121A9EB6EAD533323A50 /* Pods.debug.xcconfig */;
			buildSettings = {
				ASSETCATALOG_COMPILER_APPICON_NAME = AppIcon;
				INFOPLIST_FILE = CayugasoftTest3/Info.plist;
				LD_RUNPATH_SEARCH_PATHS = "$(inherited) @executable_path/Frameworks";
				PRODUCT_BUNDLE_IDENTIFIER = ru.doloz.CayugasoftTest3;
				PRODUCT_NAME = "$(TARGET_NAME)";
			};
			name = Debug;
		};
		11D438531C74F6030065935B /* Release */ = {
			isa = XCBuildConfiguration;
			baseConfigurationReference = DEFEE426786F97365C8BBC4A /* Pods.release.xcconfig */;
			buildSettings = {
				ASSETCATALOG_COMPILER_APPICON_NAME = AppIcon;
				INFOPLIST_FILE = CayugasoftTest3/Info.plist;
				LD_RUNPATH_SEARCH_PATHS = "$(inherited) @executable_path/Frameworks";
				PRODUCT_BUNDLE_IDENTIFIER = ru.doloz.CayugasoftTest3;
				PRODUCT_NAME = "$(TARGET_NAME)";
			};
			name = Release;
		};
/* End XCBuildConfiguration section */

/* Begin XCConfigurationList section */
		11D4383A1C74F6030065935B /* Build configuration list for PBXProject "CayugasoftTest3" */ = {
			isa = XCConfigurationList;
			buildConfigurations = (
				11D4384F1C74F6030065935B /* Debug */,
				11D438501C74F6030065935B /* Release */,
			);
			defaultConfigurationIsVisible = 0;
			defaultConfigurationName = Release;
		};
		11D438511C74F6030065935B /* Build configuration list for PBXNativeTarget "CayugasoftTest3" */ = {
			isa = XCConfigurationList;
			buildConfigurations = (
				11D438521C74F6030065935B /* Debug */,
				11D438531C74F6030065935B /* Release */,
			);
			defaultConfigurationIsVisible = 0;
			defaultConfigurationName = Release;
		};
/* End XCConfigurationList section */
	};
	rootObject = 11D438371C74F6030065935B /* Project object */;
}
